
Microsoft Visual Studio Solution File, Format Version 12.00
# Visual Studio Version 17
VisualStudioVersion = 17.14.36301.6 d17.14
MinimumVisualStudioVersion = 10.0.40219.1
Project("{FAE04EC0-301F-11D3-BF4B-00C04F79EFBC}") = "SmartAutoFill", "SmartAutoFill.csproj", "{F8E37F93-696D-6330-8661-6448BA77B859}"
EndProject
Global
	GlobalSection(SolutionConfigurationPlatforms) = preSolution
		Debug|Any CPU = Debug|Any CPU
		Release|Any CPU = Release|Any CPU
	EndGlobalSection
	GlobalSection(ProjectConfigurationPlatforms) = postSolution
		{F8E37F93-696D-6330-8661-6448BA77B859}.Debug|Any CPU.ActiveCfg = Debug|Any CPU
		{F8E37F93-696D-6330-8661-6448BA77B859}.Debug|Any CPU.Build.0 = Debug|Any CPU
		{F8E37F93-696D-6330-8661-6448BA77B859}.Release|Any CPU.ActiveCfg = Release|Any CPU
		{F8E37F93-696D-6330-8661-6448BA77B859}.Release|Any CPU.Build.0 = Release|Any CPU
	EndGlobalSection
	GlobalSection(SolutionProperties) = preSolution
		HideSolutionNode = FALSE
	EndGlobalSection
	GlobalSection(ExtensibilityGlobals) = postSolution
		SolutionGuid = {6ED651CB-7C85-41F7-A252-7848DF5BF66D}
	EndGlobalSection
EndGlobal
